
Microsoft Visual Studio Solution File, Format Version 12.00
# Visual Studio Version 16
VisualStudioVersion = 16.0.30503.244
MinimumVisualStudioVersion = 10.0.40219.1
Project("{FAE04EC0-301F-11D3-BF4B-00C04F79EFBC}") = "ProyectoFinal-Simulacion22", "ProyectoFinal-Simulacion22\ProyectoFinal-Simulacion22.csproj", "{3D273217-C5F6-4AF3-BA6F-C8ED8A4C2C7C}"
EndProject
Global
	GlobalSection(SolutionConfigurationPlatforms) = preSolution
		Debug|Any CPU = Debug|Any CPU
		Release|Any CPU = Release|Any CPU
	EndGlobalSection
	GlobalSection(ProjectConfigurationPlatforms) = postSolution
		{3D273217-C5F6-4AF3-BA6F-C8ED8A4C2C7C}.Debug|Any CPU.ActiveCfg = Debug|Any CPU
		{3D273217-C5F6-4AF3-BA6F-C8ED8A4C2C7C}.Debug|Any CPU.Build.0 = Debug|Any CPU
		{3D273217-C5F6-4AF3-BA6F-C8ED8A4C2C7C}.Release|Any CPU.ActiveCfg = Release|Any CPU
		{3D273217-C5F6-4AF3-BA6F-C8ED8A4C2C7C}.Release|Any CPU.Build.0 = Release|Any CPU
	EndGlobalSection
	GlobalSection(SolutionProperties) = preSolution
		HideSolutionNode = FALSE
	EndGlobalSection
	GlobalSection(ExtensibilityGlobals) = postSolution
		SolutionGuid = {DAC5AA49-11A7-4D5E-837C-97E583864153}
	EndGlobalSection
EndGlobal
